
Microsoft Visual Studio Solution File, Format Version 12.00
# Visual Studio Version 17
VisualStudioVersion = 17.9.34616.47
MinimumVisualStudioVersion = 10.0.40219.1
Project("{FAE04EC0-301F-11D3-BF4B-00C04F79EFBC}") = "keyboardGameTrainer", "keyboardGameTrainer\keyboardGameTrainer.csproj", "{C68E7D2B-0DB2-45A5-B0C7-D49730B0D8FE}"
EndProject
Global
	GlobalSection(SolutionConfigurationPlatforms) = preSolution
		Debug|Any CPU = Debug|Any CPU
		Release|Any CPU = Release|Any CPU
	EndGlobalSection
	GlobalSection(ProjectConfigurationPlatforms) = postSolution
		{C68E7D2B-0DB2-45A5-B0C7-D49730B0D8FE}.Debug|Any CPU.ActiveCfg = Debug|Any CPU
		{C68E7D2B-0DB2-45A5-B0C7-D49730B0D8FE}.Debug|Any CPU.Build.0 = Debug|Any CPU
		{C68E7D2B-0DB2-45A5-B0C7-D49730B0D8FE}.Release|Any CPU.ActiveCfg = Release|Any CPU
		{C68E7D2B-0DB2-45A5-B0C7-D49730B0D8FE}.Release|Any CPU.Build.0 = Release|Any CPU
	EndGlobalSection
	GlobalSection(SolutionProperties) = preSolution
		HideSolutionNode = FALSE
	EndGlobalSection
	GlobalSection(ExtensibilityGlobals) = postSolution
		SolutionGuid = {2CA21705-12F2-45C5-BE4A-5E74D4A69540}
	EndGlobalSection
EndGlobal
