
Microsoft Visual Studio Solution File, Format Version 12.00
# Visual Studio Version 17
VisualStudioVersion = 17.9.34616.47
MinimumVisualStudioVersion = 10.0.40219.1
Project("{FAE04EC0-301F-11D3-BF4B-00C04F79EFBC}") = "Novelscrap", "Novelscrap\Novelscrap.csproj", "{990D41C1-8A08-4255-A753-C17870CC9844}"
EndProject
Global
	GlobalSection(SolutionConfigurationPlatforms) = preSolution
		Debug|Any CPU = Debug|Any CPU
		Release|Any CPU = Release|Any CPU
	EndGlobalSection
	GlobalSection(ProjectConfigurationPlatforms) = postSolution
		{990D41C1-8A08-4255-A753-C17870CC9844}.Debug|Any CPU.ActiveCfg = Debug|Any CPU
		{990D41C1-8A08-4255-A753-C17870CC9844}.Debug|Any CPU.Build.0 = Debug|Any CPU
		{990D41C1-8A08-4255-A753-C17870CC9844}.Release|Any CPU.ActiveCfg = Release|Any CPU
		{990D41C1-8A08-4255-A753-C17870CC9844}.Release|Any CPU.Build.0 = Release|Any CPU
	EndGlobalSection
	GlobalSection(SolutionProperties) = preSolution
		HideSolutionNode = FALSE
	EndGlobalSection
	GlobalSection(ExtensibilityGlobals) = postSolution
		SolutionGuid = {5E57BB53-8CD1-44A6-9545-54E6795E6F18}
	EndGlobalSection
EndGlobal
