
Microsoft Visual Studio Solution File, Format Version 12.00
# Visual Studio Version 17
VisualStudioVersion = 17.9.34616.47
MinimumVisualStudioVersion = 10.0.40219.1
Project("{FAE04EC0-301F-11D3-BF4B-00C04F79EFBC}") = "MANmanager", "MANmanager\MANmanager.csproj", "{DE8E2B80-0A28-4D75-A84E-00BCE403560F}"
EndProject
Global
	GlobalSection(SolutionConfigurationPlatforms) = preSolution
		Debug|Any CPU = Debug|Any CPU
		Release|Any CPU = Release|Any CPU
	EndGlobalSection
	GlobalSection(ProjectConfigurationPlatforms) = postSolution
		{DE8E2B80-0A28-4D75-A84E-00BCE403560F}.Debug|Any CPU.ActiveCfg = Debug|Any CPU
		{DE8E2B80-0A28-4D75-A84E-00BCE403560F}.Debug|Any CPU.Build.0 = Debug|Any CPU
		{DE8E2B80-0A28-4D75-A84E-00BCE403560F}.Release|Any CPU.ActiveCfg = Release|Any CPU
		{DE8E2B80-0A28-4D75-A84E-00BCE403560F}.Release|Any CPU.Build.0 = Release|Any CPU
	EndGlobalSection
	GlobalSection(SolutionProperties) = preSolution
		HideSolutionNode = FALSE
	EndGlobalSection
	GlobalSection(ExtensibilityGlobals) = postSolution
		SolutionGuid = {F2BEEAC5-237A-4158-B0CB-E6C484F87903}
	EndGlobalSection
EndGlobal
